// !$*UTF8*$!
{
	archiveVersion = 1;
	classes = {
	};
	objectVersion = 56;
	objects = {

/* Begin PBXBuildFile section */
		075A45392C2A3AA900D77A8D /* RealmManager.swift in Sources */ = {isa = PBXBuildFile; fileRef = 075A45382C2A3AA900D77A8D /* RealmManager.swift */; };
		075A453B2C2A5F5B00D77A8D /* Color.swift in Sources */ = {isa = PBXBuildFile; fileRef = 075A453A2C2A5F5B00D77A8D /* Color.swift */; };
		075A453D2C2A5F8600D77A8D /* DateUtils.swift in Sources */ = {isa = PBXBuildFile; fileRef = 075A453C2C2A5F8600D77A8D /* DateUtils.swift */; };
		075A453F2C2A5FA400D77A8D /* ExpenseUtils.swift in Sources */ = {isa = PBXBuildFile; fileRef = 075A453E2C2A5FA400D77A8D /* ExpenseUtils.swift */; };
		075A45412C2A5FDF00D77A8D /* KeyboardUtils.swift in Sources */ = {isa = PBXBuildFile; fileRef = 075A45402C2A5FDF00D77A8D /* KeyboardUtils.swift */; };
		075A45432C2A600100D77A8D /* Add.swift in Sources */ = {isa = PBXBuildFile; fileRef = 075A45422C2A600100D77A8D /* Add.swift */; };
		075A45452C2A603600D77A8D /* Categories.swift in Sources */ = {isa = PBXBuildFile; fileRef = 075A45442C2A603600D77A8D /* Categories.swift */; };
		075A45472C2A605600D77A8D /* Expenses.swift in Sources */ = {isa = PBXBuildFile; fileRef = 075A45462C2A605600D77A8D /* Expenses.swift */; };
		075A45492C2A607900D77A8D /* Reports.swift in Sources */ = {isa = PBXBuildFile; fileRef = 075A45482C2A607900D77A8D /* Reports.swift */; };
		075A454B2C2A60A000D77A8D /* Settings.swift in Sources */ = {isa = PBXBuildFile; fileRef = 075A454A2C2A60A000D77A8D /* Settings.swift */; };
		075A454D2C2A60C100D77A8D /* SignIn.swift in Sources */ = {isa = PBXBuildFile; fileRef = 075A454C2C2A60C100D77A8D /* SignIn.swift */; };
		075A454F2C2A610200D77A8D /* ExpensesBreakdown.swift in Sources */ = {isa = PBXBuildFile; fileRef = 075A454E2C2A610200D77A8D /* ExpensesBreakdown.swift */; };
		075A45512C2A611D00D77A8D /* MonthChart.swift in Sources */ = {isa = PBXBuildFile; fileRef = 075A45502C2A611D00D77A8D /* MonthChart.swift */; };
		075A45532C2A614700D77A8D /* PeriodChart.swift in Sources */ = {isa = PBXBuildFile; fileRef = 075A45522C2A614700D77A8D /* PeriodChart.swift */; };
		075A45552C2A618600D77A8D /* WeekChart.swift in Sources */ = {isa = PBXBuildFile; fileRef = 075A45542C2A618600D77A8D /* WeekChart.swift */; };
		075A45572C2A61A500D77A8D /* YearChart.swift in Sources */ = {isa = PBXBuildFile; fileRef = 075A45562C2A61A500D77A8D /* YearChart.swift */; };
		075A45592C2A61D200D77A8D /* ExpensesList.swift in Sources */ = {isa = PBXBuildFile; fileRef = 075A45582C2A61D200D77A8D /* ExpensesList.swift */; };
		075A455B2C2A61EF00D77A8D /* PeriodOverview.swift in Sources */ = {isa = PBXBuildFile; fileRef = 075A455A2C2A61EF00D77A8D /* PeriodOverview.swift */; };
		075A455D2C2A621800D77A8D /* Tag.swift in Sources */ = {isa = PBXBuildFile; fileRef = 075A455C2C2A621800D77A8D /* Tag.swift */; };
		075A455F2C2A623400D77A8D /* TotalCurrencyBox.swift in Sources */ = {isa = PBXBuildFile; fileRef = 075A455E2C2A623400D77A8D /* TotalCurrencyBox.swift */; };
		075A45612C2A626D00D77A8D /* Double.swift in Sources */ = {isa = PBXBuildFile; fileRef = 075A45602C2A626D00D77A8D /* Double.swift */; };
		075A45632C2A62A600D77A8D /* Category.swift in Sources */ = {isa = PBXBuildFile; fileRef = 075A45622C2A62A600D77A8D /* Category.swift */; };
		075A45652C2A62C500D77A8D /* Expense.swift in Sources */ = {isa = PBXBuildFile; fileRef = 075A45642C2A62C500D77A8D /* Expense.swift */; };
		075A45672C2A62D500D77A8D /* Period.swift in Sources */ = {isa = PBXBuildFile; fileRef = 075A45662C2A62D500D77A8D /* Period.swift */; };
		075A45692C2A62F200D77A8D /* Recurrence.swift in Sources */ = {isa = PBXBuildFile; fileRef = 075A45682C2A62F200D77A8D /* Recurrence.swift */; };
		07A405BE2C2A397E009EA2FE /* SimpleSpendApp.swift in Sources */ = {isa = PBXBuildFile; fileRef = 07A405BD2C2A397E009EA2FE /* SimpleSpendApp.swift */; };
		07A405C02C2A397E009EA2FE /* ContentView.swift in Sources */ = {isa = PBXBuildFile; fileRef = 07A405BF2C2A397E009EA2FE /* ContentView.swift */; };
		07A405C22C2A397F009EA2FE /* Assets.xcassets in Resources */ = {isa = PBXBuildFile; fileRef = 07A405C12C2A397F009EA2FE /* Assets.xcassets */; };
		07A405C52C2A397F009EA2FE /* Preview Assets.xcassets in Resources */ = {isa = PBXBuildFile; fileRef = 07A405C42C2A397F009EA2FE /* Preview Assets.xcassets */; };
		6E1DBC010BF83FA734D30897 /* Pods_SimpleSpend.framework in Frameworks */ = {isa = PBXBuildFile; fileRef = 044FE0D921BA75DE0D3CCB44 /* Pods_SimpleSpend.framework */; };
/* End PBXBuildFile section */

/* Begin PBXFileReference section */
		044FE0D921BA75DE0D3CCB44 /* Pods_SimpleSpend.framework */ = {isa = PBXFileReference; explicitFileType = wrapper.framework; includeInIndex = 0; path = Pods_SimpleSpend.framework; sourceTree = BUILT_PRODUCTS_DIR; };
		075A45382C2A3AA900D77A8D /* RealmManager.swift */ = {isa = PBXFileReference; lastKnownFileType = sourcecode.swift; path = RealmManager.swift; sourceTree = "<group>"; };
		075A453A2C2A5F5B00D77A8D /* Color.swift */ = {isa = PBXFileReference; lastKnownFileType = sourcecode.swift; path = Color.swift; sourceTree = "<group>"; };
		075A453C2C2A5F8600D77A8D /* DateUtils.swift */ = {isa = PBXFileReference; lastKnownFileType = sourcecode.swift; path = DateUtils.swift; sourceTree = "<group>"; };
		075A453E2C2A5FA400D77A8D /* ExpenseUtils.swift */ = {isa = PBXFileReference; lastKnownFileType = sourcecode.swift; path = ExpenseUtils.swift; sourceTree = "<group>"; };
		075A45402C2A5FDF00D77A8D /* KeyboardUtils.swift */ = {isa = PBXFileReference; lastKnownFileType = sourcecode.swift; path = KeyboardUtils.swift; sourceTree = "<group>"; };
		075A45422C2A600100D77A8D /* Add.swift */ = {isa = PBXFileReference; lastKnownFileType = sourcecode.swift; path = Add.swift; sourceTree = "<group>"; };
		075A45442C2A603600D77A8D /* Categories.swift */ = {isa = PBXFileReference; lastKnownFileType = sourcecode.swift; path = Categories.swift; sourceTree = "<group>"; };
		075A45462C2A605600D77A8D /* Expenses.swift */ = {isa = PBXFileReference; lastKnownFileType = sourcecode.swift; path = Expenses.swift; sourceTree = "<group>"; };
		075A45482C2A607900D77A8D /* Reports.swift */ = {isa = PBXFileReference; lastKnownFileType = sourcecode.swift; path = Reports.swift; sourceTree = "<group>"; };
		075A454A2C2A60A000D77A8D /* Settings.swift */ = {isa = PBXFileReference; lastKnownFileType = sourcecode.swift; path = Settings.swift; sourceTree = "<group>"; };
		075A454C2C2A60C100D77A8D /* SignIn.swift */ = {isa = PBXFileReference; lastKnownFileType = sourcecode.swift; path = SignIn.swift; sourceTree = "<group>"; };
		075A454E2C2A610200D77A8D /* ExpensesBreakdown.swift */ = {isa = PBXFileReference; lastKnownFileType = sourcecode.swift; path = ExpensesBreakdown.swift; sourceTree = "<group>"; };
		075A45502C2A611D00D77A8D /* MonthChart.swift */ = {isa = PBXFileReference; lastKnownFileType = sourcecode.swift; path = MonthChart.swift; sourceTree = "<group>"; };
		075A45522C2A614700D77A8D /* PeriodChart.swift */ = {isa = PBXFileReference; lastKnownFileType = sourcecode.swift; path = PeriodChart.swift; sourceTree = "<group>"; };
		075A45542C2A618600D77A8D /* WeekChart.swift */ = {isa = PBXFileReference; lastKnownFileType = sourcecode.swift; path = WeekChart.swift; sourceTree = "<group>"; };
		075A45562C2A61A500D77A8D /* YearChart.swift */ = {isa = PBXFileReference; lastKnownFileType = sourcecode.swift; path = YearChart.swift; sourceTree = "<group>"; };
		075A45582C2A61D200D77A8D /* ExpensesList.swift */ = {isa = PBXFileReference; lastKnownFileType = sourcecode.swift; path = ExpensesList.swift; sourceTree = "<group>"; };
		075A455A2C2A61EF00D77A8D /* PeriodOverview.swift */ = {isa = PBXFileReference; lastKnownFileType = sourcecode.swift; path = PeriodOverview.swift; sourceTree = "<group>"; };
		075A455C2C2A621800D77A8D /* Tag.swift */ = {isa = PBXFileReference; lastKnownFileType = sourcecode.swift; path = Tag.swift; sourceTree = "<group>"; };
		075A455E2C2A623400D77A8D /* TotalCurrencyBox.swift */ = {isa = PBXFileReference; lastKnownFileType = sourcecode.swift; path = TotalCurrencyBox.swift; sourceTree = "<group>"; };
		075A45602C2A626D00D77A8D /* Double.swift */ = {isa = PBXFileReference; lastKnownFileType = sourcecode.swift; path = Double.swift; sourceTree = "<group>"; };
		075A45622C2A62A600D77A8D /* Category.swift */ = {isa = PBXFileReference; lastKnownFileType = sourcecode.swift; path = Category.swift; sourceTree = "<group>"; };
		075A45642C2A62C500D77A8D /* Expense.swift */ = {isa = PBXFileReference; lastKnownFileType = sourcecode.swift; path = Expense.swift; sourceTree = "<group>"; };
		075A45662C2A62D500D77A8D /* Period.swift */ = {isa = PBXFileReference; lastKnownFileType = sourcecode.swift; path = Period.swift; sourceTree = "<group>"; };
		075A45682C2A62F200D77A8D /* Recurrence.swift */ = {isa = PBXFileReference; lastKnownFileType = sourcecode.swift; path = Recurrence.swift; sourceTree = "<group>"; };
		07A405BA2C2A397E009EA2FE /* SimpleSpend.app */ = {isa = PBXFileReference; explicitFileType = wrapper.application; includeInIndex = 0; path = SimpleSpend.app; sourceTree = BUILT_PRODUCTS_DIR; };
		07A405BD2C2A397E009EA2FE /* SimpleSpendApp.swift */ = {isa = PBXFileReference; lastKnownFileType = sourcecode.swift; path = SimpleSpendApp.swift; sourceTree = "<group>"; };
		07A405BF2C2A397E009EA2FE /* ContentView.swift */ = {isa = PBXFileReference; lastKnownFileType = sourcecode.swift; path = ContentView.swift; sourceTree = "<group>"; };
		07A405C12C2A397F009EA2FE /* Assets.xcassets */ = {isa = PBXFileReference; lastKnownFileType = folder.assetcatalog; path = Assets.xcassets; sourceTree = "<group>"; };
		07A405C42C2A397F009EA2FE /* Preview Assets.xcassets */ = {isa = PBXFileReference; lastKnownFileType = folder.assetcatalog; path = "Preview Assets.xcassets"; sourceTree = "<group>"; };
		46B0FFE635EFF7E0AC76272E /* Pods-SimpleSpend.release.xcconfig */ = {isa = PBXFileReference; includeInIndex = 1; lastKnownFileType = text.xcconfig; name = "Pods-SimpleSpend.release.xcconfig"; path = "Target Support Files/Pods-SimpleSpend/Pods-SimpleSpend.release.xcconfig"; sourceTree = "<group>"; };
		8C92EA87F41609056C147311 /* Pods-SimpleSpend.debug.xcconfig */ = {isa = PBXFileReference; includeInIndex = 1; lastKnownFileType = text.xcconfig; name = "Pods-SimpleSpend.debug.xcconfig"; path = "Target Support Files/Pods-SimpleSpend/Pods-SimpleSpend.debug.xcconfig"; sourceTree = "<group>"; };
/* End PBXFileReference section */

/* Begin PBXFrameworksBuildPhase section */
		07A405B72C2A397E009EA2FE /* Frameworks */ = {
			isa = PBXFrameworksBuildPhase;
			buildActionMask = 2147483647;
			files = (
				6E1DBC010BF83FA734D30897 /* Pods_SimpleSpend.framework in Frameworks */,
			);
			runOnlyForDeploymentPostprocessing = 0;
		};
/* End PBXFrameworksBuildPhase section */

/* Begin PBXGroup section */
		075A45322C2A3A4800D77A8D /* Components */ = {
			isa = PBXGroup;
			children = (
				075A45372C2A3A9700D77A8D /* Charts */,
				075A45582C2A61D200D77A8D /* ExpensesList.swift */,
				075A455A2C2A61EF00D77A8D /* PeriodOverview.swift */,
				075A455C2C2A621800D77A8D /* Tag.swift */,
				075A455E2C2A623400D77A8D /* TotalCurrencyBox.swift */,
			);
			path = Components;
			sourceTree = "<group>";
		};
		075A45332C2A3A5B00D77A8D /* Extensions */ = {
			isa = PBXGroup;
			children = (
				075A45602C2A626D00D77A8D /* Double.swift */,
			);
			path = Extensions;
			sourceTree = "<group>";
		};
		075A45342C2A3A6400D77A8D /* Models */ = {
			isa = PBXGroup;
			children = (
				075A45622C2A62A600D77A8D /* Category.swift */,
				075A45642C2A62C500D77A8D /* Expense.swift */,
				075A45662C2A62D500D77A8D /* Period.swift */,
				075A45682C2A62F200D77A8D /* Recurrence.swift */,
			);
			path = Models;
			sourceTree = "<group>";
		};
		075A45352C2A3A8000D77A8D /* Screens */ = {
			isa = PBXGroup;
			children = (
				075A45422C2A600100D77A8D /* Add.swift */,
				075A45442C2A603600D77A8D /* Categories.swift */,
				075A45462C2A605600D77A8D /* Expenses.swift */,
				075A45482C2A607900D77A8D /* Reports.swift */,
				075A454A2C2A60A000D77A8D /* Settings.swift */,
				075A454C2C2A60C100D77A8D /* SignIn.swift */,
			);
			path = Screens;
			sourceTree = "<group>";
		};
		075A45362C2A3A8700D77A8D /* Utilities */ = {
			isa = PBXGroup;
			children = (
				075A453A2C2A5F5B00D77A8D /* Color.swift */,
				075A453C2C2A5F8600D77A8D /* DateUtils.swift */,
				075A453E2C2A5FA400D77A8D /* ExpenseUtils.swift */,
				075A45402C2A5FDF00D77A8D /* KeyboardUtils.swift */,
			);
			path = Utilities;
			sourceTree = "<group>";
		};
		075A45372C2A3A9700D77A8D /* Charts */ = {
			isa = PBXGroup;
			children = (
				075A454E2C2A610200D77A8D /* ExpensesBreakdown.swift */,
				075A45502C2A611D00D77A8D /* MonthChart.swift */,
				075A45522C2A614700D77A8D /* PeriodChart.swift */,
				075A45542C2A618600D77A8D /* WeekChart.swift */,
				075A45562C2A61A500D77A8D /* YearChart.swift */,
			);
			path = Charts;
			sourceTree = "<group>";
		};
		07A405B12C2A397E009EA2FE = {
			isa = PBXGroup;
			children = (
				07A405BC2C2A397E009EA2FE /* SimpleSpend */,
				07A405BB2C2A397E009EA2FE /* Products */,
				C391B5BF19F12ACB53B971E2 /* Pods */,
				98B395701C5564DFAFF66E63 /* Frameworks */,
			);
			sourceTree = "<group>";
		};
		07A405BB2C2A397E009EA2FE /* Products */ = {
			isa = PBXGroup;
			children = (
				07A405BA2C2A397E009EA2FE /* SimpleSpend.app */,
			);
			name = Products;
			sourceTree = "<group>";
		};
		07A405BC2C2A397E009EA2FE /* SimpleSpend */ = {
			isa = PBXGroup;
			children = (
				07A405BF2C2A397E009EA2FE /* ContentView.swift */,
				07A405BD2C2A397E009EA2FE /* SimpleSpendApp.swift */,
				075A45382C2A3AA900D77A8D /* RealmManager.swift */,
				075A45362C2A3A8700D77A8D /* Utilities */,
				075A45352C2A3A8000D77A8D /* Screens */,
				075A45342C2A3A6400D77A8D /* Models */,
				075A45332C2A3A5B00D77A8D /* Extensions */,
				075A45322C2A3A4800D77A8D /* Components */,
				07A405C12C2A397F009EA2FE /* Assets.xcassets */,
				07A405C32C2A397F009EA2FE /* Preview Content */,
			);
			path = SimpleSpend;
			sourceTree = "<group>";
		};
		07A405C32C2A397F009EA2FE /* Preview Content */ = {
			isa = PBXGroup;
			children = (
				07A405C42C2A397F009EA2FE /* Preview Assets.xcassets */,
			);
			path = "Preview Content";
			sourceTree = "<group>";
		};
		98B395701C5564DFAFF66E63 /* Frameworks */ = {
			isa = PBXGroup;
			children = (
				044FE0D921BA75DE0D3CCB44 /* Pods_SimpleSpend.framework */,
			);
			name = Frameworks;
			sourceTree = "<group>";
		};
		C391B5BF19F12ACB53B971E2 /* Pods */ = {
			isa = PBXGroup;
			children = (
				8C92EA87F41609056C147311 /* Pods-SimpleSpend.debug.xcconfig */,
				46B0FFE635EFF7E0AC76272E /* Pods-SimpleSpend.release.xcconfig */,
			);
			path = Pods;
			sourceTree = "<group>";
		};
/* End PBXGroup section */

/* Begin PBXNativeTarget section */
		07A405B92C2A397E009EA2FE /* SimpleSpend */ = {
			isa = PBXNativeTarget;
			buildConfigurationList = 07A405C82C2A397F009EA2FE /* Build configuration list for PBXNativeTarget "SimpleSpend" */;
			buildPhases = (
				8AE1FE55828339FD6E83C26C /* [CP] Check Pods Manifest.lock */,
				07A405B62C2A397E009EA2FE /* Sources */,
				07A405B72C2A397E009EA2FE /* Frameworks */,
				07A405B82C2A397E009EA2FE /* Resources */,
				3A1D70D55B023AA390743D49 /* [CP] Embed Pods Frameworks */,
			);
			buildRules = (
			);
			dependencies = (
			);
			name = SimpleSpend;
			productName = SimpleSpend;
			productReference = 07A405BA2C2A397E009EA2FE /* SimpleSpend.app */;
			productType = "com.apple.product-type.application";
		};
/* End PBXNativeTarget section */

/* Begin PBXProject section */
		07A405B22C2A397E009EA2FE /* Project object */ = {
			isa = PBXProject;
			attributes = {
				BuildIndependentTargetsInParallel = 1;
				LastSwiftUpdateCheck = 1430;
				LastUpgradeCheck = 1430;
				TargetAttributes = {
					07A405B92C2A397E009EA2FE = {
						CreatedOnToolsVersion = 14.3.1;
					};
				};
			};
			buildConfigurationList = 07A405B52C2A397E009EA2FE /* Build configuration list for PBXProject "SimpleSpend" */;
			compatibilityVersion = "Xcode 14.0";
			developmentRegion = en;
			hasScannedForEncodings = 0;
			knownRegions = (
				en,
				Base,
			);
			mainGroup = 07A405B12C2A397E009EA2FE;
			productRefGroup = 07A405BB2C2A397E009EA2FE /* Products */;
			projectDirPath = "";
			projectRoot = "";
			targets = (
				07A405B92C2A397E009EA2FE /* SimpleSpend */,
			);
		};
/* End PBXProject section */

/* Begin PBXResourcesBuildPhase section */
		07A405B82C2A397E009EA2FE /* Resources */ = {
			isa = PBXResourcesBuildPhase;
			buildActionMask = 2147483647;
			files = (
				07A405C52C2A397F009EA2FE /* Preview Assets.xcassets in Resources */,
				07A405C22C2A397F009EA2FE /* Assets.xcassets in Resources */,
			);
			runOnlyForDeploymentPostprocessing = 0;
		};
/* End PBXResourcesBuildPhase section */

/* Begin PBXShellScriptBuildPhase section */
		3A1D70D55B023AA390743D49 /* [CP] Embed Pods Frameworks */ = {
			isa = PBXShellScriptBuildPhase;
			buildActionMask = 2147483647;
			files = (
			);
			inputFileListPaths = (
				"${PODS_ROOT}/Target Support Files/Pods-SimpleSpend/Pods-SimpleSpend-frameworks-${CONFIGURATION}-input-files.xcfilelist",
			);
			name = "[CP] Embed Pods Frameworks";
			outputFileListPaths = (
				"${PODS_ROOT}/Target Support Files/Pods-SimpleSpend/Pods-SimpleSpend-frameworks-${CONFIGURATION}-output-files.xcfilelist",
			);
			runOnlyForDeploymentPostprocessing = 0;
			shellPath = /bin/sh;
			shellScript = "\"${PODS_ROOT}/Target Support Files/Pods-SimpleSpend/Pods-SimpleSpend-frameworks.sh\"\n";
			showEnvVarsInLog = 0;
		};
		8AE1FE55828339FD6E83C26C /* [CP] Check Pods Manifest.lock */ = {
			isa = PBXShellScriptBuildPhase;
			buildActionMask = 2147483647;
			files = (
			);
			inputFileListPaths = (
			);
			inputPaths = (
				"${PODS_PODFILE_DIR_PATH}/Podfile.lock",
				"${PODS_ROOT}/Manifest.lock",
			);
			name = "[CP] Check Pods Manifest.lock";
			outputFileListPaths = (
			);
			outputPaths = (
				"$(DERIVED_FILE_DIR)/Pods-SimpleSpend-checkManifestLockResult.txt",
			);
			runOnlyForDeploymentPostprocessing = 0;
			shellPath = /bin/sh;
			shellScript = "diff \"${PODS_PODFILE_DIR_PATH}/Podfile.lock\" \"${PODS_ROOT}/Manifest.lock\" > /dev/null\nif [ $? != 0 ] ; then\n    # print error to STDERR\n    echo \"error: The sandbox is not in sync with the Podfile.lock. Run 'pod install' or update your CocoaPods installation.\" >&2\n    exit 1\nfi\n# This output is used by Xcode 'outputs' to avoid re-running this script phase.\necho \"SUCCESS\" > \"${SCRIPT_OUTPUT_FILE_0}\"\n";
			showEnvVarsInLog = 0;
		};
/* End PBXShellScriptBuildPhase section */

/* Begin PBXSourcesBuildPhase section */
		07A405B62C2A397E009EA2FE /* Sources */ = {
			isa = PBXSourcesBuildPhase;
			buildActionMask = 2147483647;
			files = (
				075A45512C2A611D00D77A8D /* MonthChart.swift in Sources */,
				075A45532C2A614700D77A8D /* PeriodChart.swift in Sources */,
				075A45472C2A605600D77A8D /* Expenses.swift in Sources */,
				075A455D2C2A621800D77A8D /* Tag.swift in Sources */,
				075A45572C2A61A500D77A8D /* YearChart.swift in Sources */,
				075A454D2C2A60C100D77A8D /* SignIn.swift in Sources */,
				07A405C02C2A397E009EA2FE /* ContentView.swift in Sources */,
				075A45412C2A5FDF00D77A8D /* KeyboardUtils.swift in Sources */,
				075A454F2C2A610200D77A8D /* ExpensesBreakdown.swift in Sources */,
				075A45592C2A61D200D77A8D /* ExpensesList.swift in Sources */,
				075A45672C2A62D500D77A8D /* Period.swift in Sources */,
				075A453B2C2A5F5B00D77A8D /* Color.swift in Sources */,
				075A45692C2A62F200D77A8D /* Recurrence.swift in Sources */,
				075A453D2C2A5F8600D77A8D /* DateUtils.swift in Sources */,
				075A45492C2A607900D77A8D /* Reports.swift in Sources */,
				075A454B2C2A60A000D77A8D /* Settings.swift in Sources */,
				075A45612C2A626D00D77A8D /* Double.swift in Sources */,
				07A405BE2C2A397E009EA2FE /* SimpleSpendApp.swift in Sources */,
				075A45452C2A603600D77A8D /* Categories.swift in Sources */,
				075A45432C2A600100D77A8D /* Add.swift in Sources */,
				075A45552C2A618600D77A8D /* WeekChart.swift in Sources */,
				075A45652C2A62C500D77A8D /* Expense.swift in Sources */,
				075A455B2C2A61EF00D77A8D /* PeriodOverview.swift in Sources */,
				075A453F2C2A5FA400D77A8D /* ExpenseUtils.swift in Sources */,
				075A45392C2A3AA900D77A8D /* RealmManager.swift in Sources */,
				075A455F2C2A623400D77A8D /* TotalCurrencyBox.swift in Sources */,
				075A45632C2A62A600D77A8D /* Category.swift in Sources */,
			);
			runOnlyForDeploymentPostprocessing = 0;
		};
/* End PBXSourcesBuildPhase section */

/* Begin XCBuildConfiguration section */
		07A405C62C2A397F009EA2FE /* Debug */ = {
			isa = XCBuildConfiguration;
			buildSettings = {
				ALWAYS_SEARCH_USER_PATHS = NO;
				CLANG_ANALYZER_NONNULL = YES;
				CLANG_ANALYZER_NUMBER_OBJECT_CONVERSION = YES_AGGRESSIVE;
				CLANG_CXX_LANGUAGE_STANDARD = "gnu++20";
				CLANG_ENABLE_MODULES = YES;
				CLANG_ENABLE_OBJC_ARC = YES;
				CLANG_ENABLE_OBJC_WEAK = YES;
				CLANG_WARN_BLOCK_CAPTURE_AUTORELEASING = YES;
				CLANG_WARN_BOOL_CONVERSION = YES;
				CLANG_WARN_COMMA = YES;
				CLANG_WARN_CONSTANT_CONVERSION = YES;
				CLANG_WARN_DEPRECATED_OBJC_IMPLEMENTATIONS = YES;
				CLANG_WARN_DIRECT_OBJC_ISA_USAGE = YES_ERROR;
				CLANG_WARN_DOCUMENTATION_COMMENTS = YES;
				CLANG_WARN_EMPTY_BODY = YES;
				CLANG_WARN_ENUM_CONVERSION = YES;
				CLANG_WARN_INFINITE_RECURSION = YES;
				CLANG_WARN_INT_CONVERSION = YES;
				CLANG_WARN_NON_LITERAL_NULL_CONVERSION = YES;
				CLANG_WARN_OBJC_IMPLICIT_RETAIN_SELF = YES;
				CLANG_WARN_OBJC_LITERAL_CONVERSION = YES;
				CLANG_WARN_OBJC_ROOT_CLASS = YES_ERROR;
				CLANG_WARN_QUOTED_INCLUDE_IN_FRAMEWORK_HEADER = YES;
				CLANG_WARN_RANGE_LOOP_ANALYSIS = YES;
				CLANG_WARN_STRICT_PROTOTYPES = YES;
				CLANG_WARN_SUSPICIOUS_MOVE = YES;
				CLANG_WARN_UNGUARDED_AVAILABILITY = YES_AGGRESSIVE;
				CLANG_WARN_UNREACHABLE_CODE = YES;
				CLANG_WARN__DUPLICATE_METHOD_MATCH = YES;
				COPY_PHASE_STRIP = NO;
				DEBUG_INFORMATION_FORMAT = dwarf;
				ENABLE_STRICT_OBJC_MSGSEND = YES;
				ENABLE_TESTABILITY = YES;
				GCC_C_LANGUAGE_STANDARD = gnu11;
				GCC_DYNAMIC_NO_PIC = NO;
				GCC_NO_COMMON_BLOCKS = YES;
				GCC_OPTIMIZATION_LEVEL = 0;
				GCC_PREPROCESSOR_DEFINITIONS = (
					"DEBUG=1",
					"$(inherited)",
				);
				GCC_WARN_64_TO_32_BIT_CONVERSION = YES;
				GCC_WARN_ABOUT_RETURN_TYPE = YES_ERROR;
				GCC_WARN_UNDECLARED_SELECTOR = YES;
				GCC_WARN_UNINITIALIZED_AUTOS = YES_AGGRESSIVE;
				GCC_WARN_UNUSED_FUNCTION = YES;
				GCC_WARN_UNUSED_VARIABLE = YES;
				IPHONEOS_DEPLOYMENT_TARGET = 16.4;
				MTL_ENABLE_DEBUG_INFO = INCLUDE_SOURCE;
				MTL_FAST_MATH = YES;
				ONLY_ACTIVE_ARCH = YES;
				SDKROOT = iphoneos;
				SWIFT_ACTIVE_COMPILATION_CONDITIONS = DEBUG;
				SWIFT_OPTIMIZATION_LEVEL = "-Onone";
			};
			name = Debug;
		};
		07A405C72C2A397F009EA2FE /* Release */ = {
			isa = XCBuildConfiguration;
			buildSettings = {
				ALWAYS_SEARCH_USER_PATHS = NO;
				CLANG_ANALYZER_NONNULL = YES;
				CLANG_ANALYZER_NUMBER_OBJECT_CONVERSION = YES_AGGRESSIVE;
				CLANG_CXX_LANGUAGE_STANDARD = "gnu++20";
				CLANG_ENABLE_MODULES = YES;
				CLANG_ENABLE_OBJC_ARC = YES;
				CLANG_ENABLE_OBJC_WEAK = YES;
				CLANG_WARN_BLOCK_CAPTURE_AUTORELEASING = YES;
				CLANG_WARN_BOOL_CONVERSION = YES;
				CLANG_WARN_COMMA = YES;
				CLANG_WARN_CONSTANT_CONVERSION = YES;
				CLANG_WARN_DEPRECATED_OBJC_IMPLEMENTATIONS = YES;
				CLANG_WARN_DIRECT_OBJC_ISA_USAGE = YES_ERROR;
				CLANG_WARN_DOCUMENTATION_COMMENTS = YES;
				CLANG_WARN_EMPTY_BODY = YES;
				CLANG_WARN_ENUM_CONVERSION = YES;
				CLANG_WARN_INFINITE_RECURSION = YES;
				CLANG_WARN_INT_CONVERSION = YES;
				CLANG_WARN_NON_LITERAL_NULL_CONVERSION = YES;
				CLANG_WARN_OBJC_IMPLICIT_RETAIN_SELF = YES;
				CLANG_WARN_OBJC_LITERAL_CONVERSION = YES;
				CLANG_WARN_OBJC_ROOT_CLASS = YES_ERROR;
				CLANG_WARN_QUOTED_INCLUDE_IN_FRAMEWORK_HEADER = YES;
				CLANG_WARN_RANGE_LOOP_ANALYSIS = YES;
				CLANG_WARN_STRICT_PROTOTYPES = YES;
				CLANG_WARN_SUSPICIOUS_MOVE = YES;
				CLANG_WARN_UNGUARDED_AVAILABILITY = YES_AGGRESSIVE;
				CLANG_WARN_UNREACHABLE_CODE = YES;
				CLANG_WARN__DUPLICATE_METHOD_MATCH = YES;
				COPY_PHASE_STRIP = NO;
				DEBUG_INFORMATION_FORMAT = "dwarf-with-dsym";
				ENABLE_NS_ASSERTIONS = NO;
				ENABLE_STRICT_OBJC_MSGSEND = YES;
				GCC_C_LANGUAGE_STANDARD = gnu11;
				GCC_NO_COMMON_BLOCKS = YES;
				GCC_WARN_64_TO_32_BIT_CONVERSION = YES;
				GCC_WARN_ABOUT_RETURN_TYPE = YES_ERROR;
				GCC_WARN_UNDECLARED_SELECTOR = YES;
				GCC_WARN_UNINITIALIZED_AUTOS = YES_AGGRESSIVE;
				GCC_WARN_UNUSED_FUNCTION = YES;
				GCC_WARN_UNUSED_VARIABLE = YES;
				IPHONEOS_DEPLOYMENT_TARGET = 16.4;
				MTL_ENABLE_DEBUG_INFO = NO;
				MTL_FAST_MATH = YES;
				SDKROOT = iphoneos;
				SWIFT_COMPILATION_MODE = wholemodule;
				SWIFT_OPTIMIZATION_LEVEL = "-O";
				VALIDATE_PRODUCT = YES;
			};
			name = Release;
		};
		07A405C92C2A397F009EA2FE /* Debug */ = {
			isa = XCBuildConfiguration;
			baseConfigurationReference = 8C92EA87F41609056C147311 /* Pods-SimpleSpend.debug.xcconfig */;
			buildSettings = {
				ASSETCATALOG_COMPILER_APPICON_NAME = AppIcon;
				ASSETCATALOG_COMPILER_GLOBAL_ACCENT_COLOR_NAME = AccentColor;
				CODE_SIGN_STYLE = Automatic;
				CURRENT_PROJECT_VERSION = 1;
				DEVELOPMENT_ASSET_PATHS = "\"SimpleSpend/Preview Content\"";
				DEVELOPMENT_TEAM = 532DC9GNUK;
				ENABLE_PREVIEWS = YES;
				GENERATE_INFOPLIST_FILE = YES;
				INFOPLIST_KEY_UIApplicationSceneManifest_Generation = YES;
				INFOPLIST_KEY_UIApplicationSupportsIndirectInputEvents = YES;
				INFOPLIST_KEY_UILaunchScreen_Generation = YES;
				INFOPLIST_KEY_UISupportedInterfaceOrientations_iPad = "UIInterfaceOrientationPortrait UIInterfaceOrientationPortraitUpsideDown UIInterfaceOrientationLandscapeLeft UIInterfaceOrientationLandscapeRight";
				INFOPLIST_KEY_UISupportedInterfaceOrientations_iPhone = "UIInterfaceOrientationPortrait UIInterfaceOrientationLandscapeLeft UIInterfaceOrientationLandscapeRight";
				LD_RUNPATH_SEARCH_PATHS = (
					"$(inherited)",
					"@executable_path/Frameworks",
				);
				MARKETING_VERSION = 1.0;
				PRODUCT_BUNDLE_IDENTIFIER = com.omarsheikh.SimpleSpend;
				PRODUCT_NAME = "$(TARGET_NAME)";
				SWIFT_EMIT_LOC_STRINGS = YES;
				SWIFT_VERSION = 5.0;
				TARGETED_DEVICE_FAMILY = "1,2";
			};
			name = Debug;
		};
		07A405CA2C2A397F009EA2FE /* Release */ = {
			isa = XCBuildConfiguration;
			baseConfigurationReference = 46B0FFE635EFF7E0AC76272E /* Pods-SimpleSpend.release.xcconfig */;
			buildSettings = {
				ASSETCATALOG_COMPILER_APPICON_NAME = AppIcon;
				ASSETCATALOG_COMPILER_GLOBAL_ACCENT_COLOR_NAME = AccentColor;
				CODE_SIGN_STYLE = Automatic;
				CURRENT_PROJECT_VERSION = 1;
				DEVELOPMENT_ASSET_PATHS = "\"SimpleSpend/Preview Content\"";
				DEVELOPMENT_TEAM = 532DC9GNUK;
				ENABLE_PREVIEWS = YES;
				GENERATE_INFOPLIST_FILE = YES;
				INFOPLIST_KEY_UIApplicationSceneManifest_Generation = YES;
				INFOPLIST_KEY_UIApplicationSupportsIndirectInputEvents = YES;
				INFOPLIST_KEY_UILaunchScreen_Generation = YES;
				INFOPLIST_KEY_UISupportedInterfaceOrientations_iPad = "UIInterfaceOrientationPortrait UIInterfaceOrientationPortraitUpsideDown UIInterfaceOrientationLandscapeLeft UIInterfaceOrientationLandscapeRight";
				INFOPLIST_KEY_UISupportedInterfaceOrientations_iPhone = "UIInterfaceOrientationPortrait UIInterfaceOrientationLandscapeLeft UIInterfaceOrientationLandscapeRight";
				LD_RUNPATH_SEARCH_PATHS = (
					"$(inherited)",
					"@executable_path/Frameworks",
				);
				MARKETING_VERSION = 1.0;
				PRODUCT_BUNDLE_IDENTIFIER = com.omarsheikh.SimpleSpend;
				PRODUCT_NAME = "$(TARGET_NAME)";
				SWIFT_EMIT_LOC_STRINGS = YES;
				SWIFT_VERSION = 5.0;
				TARGETED_DEVICE_FAMILY = "1,2";
			};
			name = Release;
		};
/* End XCBuildConfiguration section */

/* Begin XCConfigurationList section */
		07A405B52C2A397E009EA2FE /* Build configuration list for PBXProject "SimpleSpend" */ = {
			isa = XCConfigurationList;
			buildConfigurations = (
				07A405C62C2A397F009EA2FE /* Debug */,
				07A405C72C2A397F009EA2FE /* Release */,
			);
			defaultConfigurationIsVisible = 0;
			defaultConfigurationName = Release;
		};
		07A405C82C2A397F009EA2FE /* Build configuration list for PBXNativeTarget "SimpleSpend" */ = {
			isa = XCConfigurationList;
			buildConfigurations = (
				07A405C92C2A397F009EA2FE /* Debug */,
				07A405CA2C2A397F009EA2FE /* Release */,
			);
			defaultConfigurationIsVisible = 0;
			defaultConfigurationName = Release;
		};
/* End XCConfigurationList section */
	};
	rootObject = 07A405B22C2A397E009EA2FE /* Project object */;
}
